
Microsoft Visual Studio Solution File, Format Version 12.00
# Visual Studio Version 16
VisualStudioVersion = 16.0.30711.63
MinimumVisualStudioVersion = 10.0.40219.1
Project("{8BC9CEB8-8B4A-11D0-8D11-00A0C91BC942}") = "random", "random\random.vcxproj", "{DA50CC09-713F-4C95-B63A-07403EA15001}"
EndProject
Global
	GlobalSection(SolutionConfigurationPlatforms) = preSolution
		Debug|x64 = Debug|x64
		Debug|x86 = Debug|x86
		Release|x64 = Release|x64
		Release|x86 = Release|x86
	EndGlobalSection
	GlobalSection(ProjectConfigurationPlatforms) = postSolution
		{DA50CC09-713F-4C95-B63A-07403EA15001}.Debug|x64.ActiveCfg = Debug|x64
		{DA50CC09-713F-4C95-B63A-07403EA15001}.Debug|x64.Build.0 = Debug|x64
		{DA50CC09-713F-4C95-B63A-07403EA15001}.Debug|x86.ActiveCfg = Debug|Win32
		{DA50CC09-713F-4C95-B63A-07403EA15001}.Debug|x86.Build.0 = Debug|Win32
		{DA50CC09-713F-4C95-B63A-07403EA15001}.Release|x64.ActiveCfg = Release|x64
		{DA50CC09-713F-4C95-B63A-07403EA15001}.Release|x64.Build.0 = Release|x64
		{DA50CC09-713F-4C95-B63A-07403EA15001}.Release|x86.ActiveCfg = Release|Win32
		{DA50CC09-713F-4C95-B63A-07403EA15001}.Release|x86.Build.0 = Release|Win32
	EndGlobalSection
	GlobalSection(SolutionProperties) = preSolution
		HideSolutionNode = FALSE
	EndGlobalSection
	GlobalSection(ExtensibilityGlobals) = postSolution
		SolutionGuid = {9A047C2B-EF23-4854-BCC9-DC7A801D8D0C}
	EndGlobalSection
EndGlobal
